
Microsoft Visual Studio Solution File, Format Version 12.00
# Visual Studio Version 16
VisualStudioVersion = 16.0.30907.101
MinimumVisualStudioVersion = 10.0.40219.1
Project("{9A19103F-16F7-4668-BE54-9A1E7A4F7556}") = "HostProgram", "HostProgram\HostProgram.csproj", "{6EA0704F-1EA2-4F3D-9F97-F1AB2A3DE371}"
EndProject
Project("{9A19103F-16F7-4668-BE54-9A1E7A4F7556}") = "LogWindowUI", "LogWindowUI\LogWindowUI.csproj", "{054BEB54-A86D-4FE6-AC4C-461ECF68EC18}"
EndProject
Project("{9A19103F-16F7-4668-BE54-9A1E7A4F7556}") = "ClientProgram", "ClientProgram\ClientProgram.csproj", "{7EE94572-BC9F-4690-95B3-2138DEA412A3}"
EndProject
Project("{9A19103F-16F7-4668-BE54-9A1E7A4F7556}") = "SharedLibrary", "SharedLibrary\SharedLibrary.csproj", "{12EF7212-7787-4B40-B56F-4A3E6F8C591F}"
EndProject
Project("{2150E333-8FDC-42A3-9474-1A3956D46DE8}") = "Common", "Common", "{7F60B646-14F0-464C-8D78-CA7D4A9E82D4}"
EndProject
Project("{9A19103F-16F7-4668-BE54-9A1E7A4F7556}") = "ClientWindowUI", "ClientWindowUI\ClientWindowUI.csproj", "{5A4EAE06-BCA8-400D-9308-AC6F40F92983}"
EndProject
Project("{8BC9CEB8-8B4A-11D0-8D11-00A0C91BC942}") = "DetectMouseEvents", "DetectMouseEvents\DetectMouseEvents.vcxproj", "{DB9985FC-A5A2-4AF1-99B5-FFB8D48D61A3}"
EndProject
Project("{9A19103F-16F7-4668-BE54-9A1E7A4F7556}") = "LowLevelLibrary", "LowLevelLibrary\LowLevelLibrary.csproj", "{83902AD2-FDC1-44B6-A4C5-C906D0D228E1}"
EndProject
Project("{9A19103F-16F7-4668-BE54-9A1E7A4F7556}") = "LowLevelHooks", "LowLevelHooks\LowLevelHooks.csproj", "{AC71F76F-8F3B-4DAA-AAD1-13E7851A0AFE}"
EndProject
Global
	GlobalSection(SolutionConfigurationPlatforms) = preSolution
		Debug|Any CPU = Debug|Any CPU
		Debug|x64 = Debug|x64
		Debug|x86 = Debug|x86
		Release|Any CPU = Release|Any CPU
		Release|x64 = Release|x64
		Release|x86 = Release|x86
	EndGlobalSection
	GlobalSection(ProjectConfigurationPlatforms) = postSolution
		{6EA0704F-1EA2-4F3D-9F97-F1AB2A3DE371}.Debug|Any CPU.ActiveCfg = Debug|Any CPU
		{6EA0704F-1EA2-4F3D-9F97-F1AB2A3DE371}.Debug|Any CPU.Build.0 = Debug|Any CPU
		{6EA0704F-1EA2-4F3D-9F97-F1AB2A3DE371}.Debug|x64.ActiveCfg = Debug|Any CPU
		{6EA0704F-1EA2-4F3D-9F97-F1AB2A3DE371}.Debug|x64.Build.0 = Debug|Any CPU
		{6EA0704F-1EA2-4F3D-9F97-F1AB2A3DE371}.Debug|x86.ActiveCfg = Debug|Any CPU
		{6EA0704F-1EA2-4F3D-9F97-F1AB2A3DE371}.Debug|x86.Build.0 = Debug|Any CPU
		{6EA0704F-1EA2-4F3D-9F97-F1AB2A3DE371}.Release|Any CPU.ActiveCfg = Release|Any CPU
		{6EA0704F-1EA2-4F3D-9F97-F1AB2A3DE371}.Release|Any CPU.Build.0 = Release|Any CPU
		{6EA0704F-1EA2-4F3D-9F97-F1AB2A3DE371}.Release|x64.ActiveCfg = Release|Any CPU
		{6EA0704F-1EA2-4F3D-9F97-F1AB2A3DE371}.Release|x64.Build.0 = Release|Any CPU
		{6EA0704F-1EA2-4F3D-9F97-F1AB2A3DE371}.Release|x86.ActiveCfg = Release|Any CPU
		{6EA0704F-1EA2-4F3D-9F97-F1AB2A3DE371}.Release|x86.Build.0 = Release|Any CPU
		{054BEB54-A86D-4FE6-AC4C-461ECF68EC18}.Debug|Any CPU.ActiveCfg = Debug|Any CPU
		{054BEB54-A86D-4FE6-AC4C-461ECF68EC18}.Debug|Any CPU.Build.0 = Debug|Any CPU
		{054BEB54-A86D-4FE6-AC4C-461ECF68EC18}.Debug|x64.ActiveCfg = Debug|Any CPU
		{054BEB54-A86D-4FE6-AC4C-461ECF68EC18}.Debug|x64.Build.0 = Debug|Any CPU
		{054BEB54-A86D-4FE6-AC4C-461ECF68EC18}.Debug|x86.ActiveCfg = Debug|Any CPU
		{054BEB54-A86D-4FE6-AC4C-461ECF68EC18}.Debug|x86.Build.0 = Debug|Any CPU
		{054BEB54-A86D-4FE6-AC4C-461ECF68EC18}.Release|Any CPU.ActiveCfg = Release|Any CPU
		{054BEB54-A86D-4FE6-AC4C-461ECF68EC18}.Release|Any CPU.Build.0 = Release|Any CPU
		{054BEB54-A86D-4FE6-AC4C-461ECF68EC18}.Release|x64.ActiveCfg = Release|Any CPU
		{054BEB54-A86D-4FE6-AC4C-461ECF68EC18}.Release|x64.Build.0 = Release|Any CPU
		{054BEB54-A86D-4FE6-AC4C-461ECF68EC18}.Release|x86.ActiveCfg = Release|Any CPU
		{054BEB54-A86D-4FE6-AC4C-461ECF68EC18}.Release|x86.Build.0 = Release|Any CPU
		{7EE94572-BC9F-4690-95B3-2138DEA412A3}.Debug|Any CPU.ActiveCfg = Debug|Any CPU
		{7EE94572-BC9F-4690-95B3-2138DEA412A3}.Debug|Any CPU.Build.0 = Debug|Any CPU
		{7EE94572-BC9F-4690-95B3-2138DEA412A3}.Debug|x64.ActiveCfg = Debug|Any CPU
		{7EE94572-BC9F-4690-95B3-2138DEA412A3}.Debug|x64.Build.0 = Debug|Any CPU
		{7EE94572-BC9F-4690-95B3-2138DEA412A3}.Debug|x86.ActiveCfg = Debug|Any CPU
		{7EE94572-BC9F-4690-95B3-2138DEA412A3}.Debug|x86.Build.0 = Debug|Any CPU
		{7EE94572-BC9F-4690-95B3-2138DEA412A3}.Release|Any CPU.ActiveCfg = Release|Any CPU
		{7EE94572-BC9F-4690-95B3-2138DEA412A3}.Release|Any CPU.Build.0 = Release|Any CPU
		{7EE94572-BC9F-4690-95B3-2138DEA412A3}.Release|x64.ActiveCfg = Release|Any CPU
		{7EE94572-BC9F-4690-95B3-2138DEA412A3}.Release|x64.Build.0 = Release|Any CPU
		{7EE94572-BC9F-4690-95B3-2138DEA412A3}.Release|x86.ActiveCfg = Release|Any CPU
		{7EE94572-BC9F-4690-95B3-2138DEA412A3}.Release|x86.Build.0 = Release|Any CPU
		{12EF7212-7787-4B40-B56F-4A3E6F8C591F}.Debug|Any CPU.ActiveCfg = Debug|Any CPU
		{12EF7212-7787-4B40-B56F-4A3E6F8C591F}.Debug|Any CPU.Build.0 = Debug|Any CPU
		{12EF7212-7787-4B40-B56F-4A3E6F8C591F}.Debug|x64.ActiveCfg = Debug|Any CPU
		{12EF7212-7787-4B40-B56F-4A3E6F8C591F}.Debug|x64.Build.0 = Debug|Any CPU
		{12EF7212-7787-4B40-B56F-4A3E6F8C591F}.Debug|x86.ActiveCfg = Debug|Any CPU
		{12EF7212-7787-4B40-B56F-4A3E6F8C591F}.Debug|x86.Build.0 = Debug|Any CPU
		{12EF7212-7787-4B40-B56F-4A3E6F8C591F}.Release|Any CPU.ActiveCfg = Release|Any CPU
		{12EF7212-7787-4B40-B56F-4A3E6F8C591F}.Release|Any CPU.Build.0 = Release|Any CPU
		{12EF7212-7787-4B40-B56F-4A3E6F8C591F}.Release|x64.ActiveCfg = Release|Any CPU
		{12EF7212-7787-4B40-B56F-4A3E6F8C591F}.Release|x64.Build.0 = Release|Any CPU
		{12EF7212-7787-4B40-B56F-4A3E6F8C591F}.Release|x86.ActiveCfg = Release|Any CPU
		{12EF7212-7787-4B40-B56F-4A3E6F8C591F}.Release|x86.Build.0 = Release|Any CPU
		{5A4EAE06-BCA8-400D-9308-AC6F40F92983}.Debug|Any CPU.ActiveCfg = Debug|Any CPU
		{5A4EAE06-BCA8-400D-9308-AC6F40F92983}.Debug|Any CPU.Build.0 = Debug|Any CPU
		{5A4EAE06-BCA8-400D-9308-AC6F40F92983}.Debug|x64.ActiveCfg = Debug|Any CPU
		{5A4EAE06-BCA8-400D-9308-AC6F40F92983}.Debug|x64.Build.0 = Debug|Any CPU
		{5A4EAE06-BCA8-400D-9308-AC6F40F92983}.Debug|x86.ActiveCfg = Debug|Any CPU
		{5A4EAE06-BCA8-400D-9308-AC6F40F92983}.Debug|x86.Build.0 = Debug|Any CPU
		{5A4EAE06-BCA8-400D-9308-AC6F40F92983}.Release|Any CPU.ActiveCfg = Release|Any CPU
		{5A4EAE06-BCA8-400D-9308-AC6F40F92983}.Release|Any CPU.Build.0 = Release|Any CPU
		{5A4EAE06-BCA8-400D-9308-AC6F40F92983}.Release|x64.ActiveCfg = Release|Any CPU
		{5A4EAE06-BCA8-400D-9308-AC6F40F92983}.Release|x64.Build.0 = Release|Any CPU
		{5A4EAE06-BCA8-400D-9308-AC6F40F92983}.Release|x86.ActiveCfg = Release|Any CPU
		{5A4EAE06-BCA8-400D-9308-AC6F40F92983}.Release|x86.Build.0 = Release|Any CPU
		{DB9985FC-A5A2-4AF1-99B5-FFB8D48D61A3}.Debug|Any CPU.ActiveCfg = Debug|Win32
		{DB9985FC-A5A2-4AF1-99B5-FFB8D48D61A3}.Debug|Any CPU.Build.0 = Debug|Win32
		{DB9985FC-A5A2-4AF1-99B5-FFB8D48D61A3}.Debug|x64.ActiveCfg = Debug|x64
		{DB9985FC-A5A2-4AF1-99B5-FFB8D48D61A3}.Debug|x64.Build.0 = Debug|x64
		{DB9985FC-A5A2-4AF1-99B5-FFB8D48D61A3}.Debug|x86.ActiveCfg = Debug|Win32
		{DB9985FC-A5A2-4AF1-99B5-FFB8D48D61A3}.Debug|x86.Build.0 = Debug|Win32
		{DB9985FC-A5A2-4AF1-99B5-FFB8D48D61A3}.Release|Any CPU.ActiveCfg = Release|Win32
		{DB9985FC-A5A2-4AF1-99B5-FFB8D48D61A3}.Release|x64.ActiveCfg = Release|x64
		{DB9985FC-A5A2-4AF1-99B5-FFB8D48D61A3}.Release|x64.Build.0 = Release|x64
		{DB9985FC-A5A2-4AF1-99B5-FFB8D48D61A3}.Release|x86.ActiveCfg = Release|Win32
		{DB9985FC-A5A2-4AF1-99B5-FFB8D48D61A3}.Release|x86.Build.0 = Release|Win32
		{83902AD2-FDC1-44B6-A4C5-C906D0D228E1}.Debug|Any CPU.ActiveCfg = Debug|Any CPU
		{83902AD2-FDC1-44B6-A4C5-C906D0D228E1}.Debug|Any CPU.Build.0 = Debug|Any CPU
		{83902AD2-FDC1-44B6-A4C5-C906D0D228E1}.Debug|x64.ActiveCfg = Debug|Any CPU
		{83902AD2-FDC1-44B6-A4C5-C906D0D228E1}.Debug|x64.Build.0 = Debug|Any CPU
		{83902AD2-FDC1-44B6-A4C5-C906D0D228E1}.Debug|x86.ActiveCfg = Debug|Any CPU
		{83902AD2-FDC1-44B6-A4C5-C906D0D228E1}.Debug|x86.Build.0 = Debug|Any CPU
		{83902AD2-FDC1-44B6-A4C5-C906D0D228E1}.Release|Any CPU.ActiveCfg = Release|Any CPU
		{83902AD2-FDC1-44B6-A4C5-C906D0D228E1}.Release|Any CPU.Build.0 = Release|Any CPU
		{83902AD2-FDC1-44B6-A4C5-C906D0D228E1}.Release|x64.ActiveCfg = Release|Any CPU
		{83902AD2-FDC1-44B6-A4C5-C906D0D228E1}.Release|x64.Build.0 = Release|Any CPU
		{83902AD2-FDC1-44B6-A4C5-C906D0D228E1}.Release|x86.ActiveCfg = Release|Any CPU
		{83902AD2-FDC1-44B6-A4C5-C906D0D228E1}.Release|x86.Build.0 = Release|Any CPU
		{AC71F76F-8F3B-4DAA-AAD1-13E7851A0AFE}.Debug|Any CPU.ActiveCfg = Debug|Any CPU
		{AC71F76F-8F3B-4DAA-AAD1-13E7851A0AFE}.Debug|Any CPU.Build.0 = Debug|Any CPU
		{AC71F76F-8F3B-4DAA-AAD1-13E7851A0AFE}.Debug|x64.ActiveCfg = Debug|Any CPU
		{AC71F76F-8F3B-4DAA-AAD1-13E7851A0AFE}.Debug|x64.Build.0 = Debug|Any CPU
		{AC71F76F-8F3B-4DAA-AAD1-13E7851A0AFE}.Debug|x86.ActiveCfg = Debug|Any CPU
		{AC71F76F-8F3B-4DAA-AAD1-13E7851A0AFE}.Debug|x86.Build.0 = Debug|Any CPU
		{AC71F76F-8F3B-4DAA-AAD1-13E7851A0AFE}.Release|Any CPU.ActiveCfg = Release|Any CPU
		{AC71F76F-8F3B-4DAA-AAD1-13E7851A0AFE}.Release|Any CPU.Build.0 = Release|Any CPU
		{AC71F76F-8F3B-4DAA-AAD1-13E7851A0AFE}.Release|x64.ActiveCfg = Release|Any CPU
		{AC71F76F-8F3B-4DAA-AAD1-13E7851A0AFE}.Release|x64.Build.0 = Release|Any CPU
		{AC71F76F-8F3B-4DAA-AAD1-13E7851A0AFE}.Release|x86.ActiveCfg = Release|Any CPU
		{AC71F76F-8F3B-4DAA-AAD1-13E7851A0AFE}.Release|x86.Build.0 = Release|Any CPU
	EndGlobalSection
	GlobalSection(SolutionProperties) = preSolution
		HideSolutionNode = FALSE
	EndGlobalSection
	GlobalSection(NestedProjects) = preSolution
		{054BEB54-A86D-4FE6-AC4C-461ECF68EC18} = {7F60B646-14F0-464C-8D78-CA7D4A9E82D4}
		{12EF7212-7787-4B40-B56F-4A3E6F8C591F} = {7F60B646-14F0-464C-8D78-CA7D4A9E82D4}
		{DB9985FC-A5A2-4AF1-99B5-FFB8D48D61A3} = {7F60B646-14F0-464C-8D78-CA7D4A9E82D4}
		{83902AD2-FDC1-44B6-A4C5-C906D0D228E1} = {7F60B646-14F0-464C-8D78-CA7D4A9E82D4}
		{AC71F76F-8F3B-4DAA-AAD1-13E7851A0AFE} = {7F60B646-14F0-464C-8D78-CA7D4A9E82D4}
	EndGlobalSection
	GlobalSection(ExtensibilityGlobals) = postSolution
		SolutionGuid = {6957985D-7873-461C-9EDB-8E23A2C17B93}
	EndGlobalSection
EndGlobal
